{
  "nodes": {
    "nixpkgs": {
      "locked": {
        "lastModified": 1718754859,
        "narHash": "sha256-c7ugp8g93fkH+Eql7xICIOxQMGuYofKuInRUSphvlQs=",
        "owner": "NixOS",
        "repo": "nixpkgs",
        "rev": "78fde8eb6016e101554f01899f07f2ff3bfd6c55",
        "type": "github"
      },
      "original": {
        "owner": "NixOS",
        "repo": "nixpkgs",
        "rev": "78fde8eb6016e101554f01899f07f2ff3bfd6c55",
        "type": "github"
      }
    },
    "root": {
      "inputs": {
        "nixpkgs": "nixpkgs"
      }
    }
  },
  "root": "root",
  "version": 7
}
