{
  "nodes": {
    "nixpkgs": {
      "locked": {
        "lastModified": 1723743279,
        "narHash": "sha256-dMWeZbhe+EQyhz5DlvGCl5yGgjLumVVb646ljXxk8rY=",
        "owner": "NixOS",
        "repo": "nixpkgs",
        "rev": "e88a41614f835a544a15421b75cedc4ec45cb3d7",
        "type": "github"
      },
      "original": {
        "owner": "NixOS",
        "repo": "nixpkgs",
        "type": "github"
      }
    },
    "root": {
      "inputs": {
        "nixpkgs": "nixpkgs"
      }
    }
  },
  "root": "root",
  "version": 7
}
